<?xml version="1.0" encoding="utf-8"?>
<Project ToolsVersion="4.0" xmlns="http://schemas.microsoft.com/developer/msbuild/2003">
  <ItemGroup>
    <Filter Include="Source Files">
      <UniqueIdentifier>{4FC737F1-C7A5-4376-A066-2A32D752A2FF}</UniqueIdentifier>
      <Extensions>cpp;c;cc;cxx;def;odl;idl;hpj;bat;asm;asmx</Extensions>
    </Filter>
    <Filter Include="Header Files">
      <UniqueIdentifier>{93995380-89BD-4b04-88EB-625FBE52EBFB}</UniqueIdentifier>
      <Extensions>h;hh;hpp;hxx;hm;inl;inc;xsd</Extensions>
    </Filter>
    <Filter Include="Resource Files">
      <UniqueIdentifier>{67DA6AB6-F800-4c08-8B7A-83BB121AAD01}</UniqueIdentifier>
      <Extensions>rc;ico;cur;bmp;dlg;rc2;rct;bin;rgs;gif;jpg;jpeg;jpe;resx;tiff;tif;png;wav;mfcribbon-ms</Extensions>
    </Filter>
    <Filter Include="Header Files\Input">
      <UniqueIdentifier>{bb202745-8f29-4a35-a14f-b5e5daea98d8}</UniqueIdentifier>
    </Filter>
    <Filter Include="Source Files\Input">
      <UniqueIdentifier>{8dd0011b-2dde-46a9-b992-8c551124cad0}</UniqueIdentifier>
    </Filter>
  </ItemGroup>
  <ItemGroup>
    <Text Include="readme.txt" />
  </ItemGroup>
  <ItemGroup>
    <ClInclude Include="inc\SDL2Wrapper\IWindow.hpp">
      <Filter>Header Files</Filter>
    </ClInclude>
    <ClInclude Include="inc\SDL2Wrapper\ISDL2Wrapper.hpp">
      <Filter>Header Files</Filter>
    </ClInclude>
    <ClInclude Include="src\SDL2WrapperImpl.hpp">
      <Filter>Source Files</Filter>
    </ClInclude>
    <ClInclude Include="src\RegularSDL2Window.hpp">
      <Filter>Source Files</Filter>
    </ClInclude>
    <ClInclude Include="src\Sprite.hpp">
      <Filter>Source Files</Filter>
    </ClInclude>
    <ClInclude Include="inc\SDL2Wrapper\IWindowEventListener.hpp">
      <Filter>Header Files</Filter>
    </ClInclude>
    <ClInclude Include="src\TextureSDL.hpp">
      <Filter>Source Files</Filter>
    </ClInclude>
    <ClInclude Include="inc\SDL2Wrapper\ISprite.hpp">
      <Filter>Header Files</Filter>
    </ClInclude>
    <ClInclude Include="inc\SDL2Wrapper\IMPORT_SDL.hpp">
      <Filter>Header Files</Filter>
    </ClInclude>
    <ClInclude Include="inc\SDL2Wrapper\IMPORT_SDL_renderer.hpp">
      <Filter>Header Files</Filter>
    </ClInclude>
    <ClInclude Include="inc\SDL2Wrapper\IWindowFactory.hpp">
      <Filter>Header Files</Filter>
    </ClInclude>
    <ClInclude Include="src\WindowFactoryConcrete.hpp">
      <Filter>Source Files</Filter>
    </ClInclude>
    <ClInclude Include="inc\SDL2Wrapper\IRender.hpp">
      <Filter>Header Files</Filter>
    </ClInclude>
    <ClInclude Include="inc\SDL2Wrapper\IMPORT_SDL_video.hpp">
      <Filter>Header Files</Filter>
    </ClInclude>
    <ClInclude Include="src\IMPORT_SDL_opengl.hpp">
      <Filter>Header Files</Filter>
    </ClInclude>
    <ClInclude Include="inc\SDL2Wrapper\IEventLoop.hpp">
      <Filter>Header Files</Filter>
    </ClInclude>
    <ClInclude Include="inc\SDL2Wrapper\Input\IKey.hpp">
      <Filter>Header Files\Input</Filter>
    </ClInclude>
    <ClInclude Include="inc\SDL2Wrapper\Input\IKeyboardObservable.hpp">
      <Filter>Header Files\Input</Filter>
    </ClInclude>
    <ClInclude Include="inc\SDL2Wrapper\Input\IKeyboardObserver.hpp">
      <Filter>Header Files\Input</Filter>
    </ClInclude>
    <ClInclude Include="inc\SDL2Wrapper\Input\IMouseObservable.hpp">
      <Filter>Header Files\Input</Filter>
    </ClInclude>
    <ClInclude Include="inc\SDL2Wrapper\Input\IMouseObserver.hpp">
      <Filter>Header Files\Input</Filter>
    </ClInclude>
    <ClInclude Include="src\Input\KeySDL.hpp">
      <Filter>Source Files\Input</Filter>
    </ClInclude>
    <ClInclude Include="inc\SDL2Wrapper\Gui\IGui.hpp">
      <Filter>Header Files</Filter>
    </ClInclude>
    <ClInclude Include="inc\SDL2Wrapper\Import.hpp">
      <Filter>Header Files</Filter>
    </ClInclude>
    <ClInclude Include="src\IMPORT_SDL_events.hpp">
      <Filter>Header Files</Filter>
    </ClInclude>
    <ClInclude Include="src\SimpleUtils.hpp">
      <Filter>Source Files</Filter>
    </ClInclude>
    <ClInclude Include="inc\SDL2Wrapper\Gui\IWindowEventObservable.hpp">
      <Filter>Header Files</Filter>
    </ClInclude>
    <ClInclude Include="inc\SDL2Wrapper\ISDLEventObserver.hpp">
      <Filter>Header Files</Filter>
    </ClInclude>
    <ClInclude Include="inc\SDL2Wrapper\Input\MouseData.hpp">
      <Filter>Header Files\Input</Filter>
    </ClInclude>
  </ItemGroup>
  <ItemGroup>
    <ClCompile Include="src\IWindow.cpp">
      <Filter>Source Files</Filter>
    </ClCompile>
    <ClCompile Include="src\ISDL2Wrapper.cpp">
      <Filter>Source Files</Filter>
    </ClCompile>
    <ClCompile Include="src\SDL2WrapperImpl.cpp">
      <Filter>Source Files</Filter>
    </ClCompile>
    <ClCompile Include="src\SDL2Wrapper.cpp">
      <Filter>Source Files</Filter>
    </ClCompile>
    <ClCompile Include="src\RegularSDL2Window.cpp">
      <Filter>Source Files</Filter>
    </ClCompile>
    <ClCompile Include="src\Sprite.cpp">
      <Filter>Source Files</Filter>
    </ClCompile>
    <ClCompile Include="src\TextureSDL.cpp">
      <Filter>Source Files</Filter>
    </ClCompile>
    <ClCompile Include="src\ISprite.cpp">
      <Filter>Source Files</Filter>
    </ClCompile>
    <ClCompile Include="src\IWindowFactory.cpp">
      <Filter>Source Files</Filter>
    </ClCompile>
    <ClCompile Include="src\WindowFactoryConcrete.cpp">
      <Filter>Source Files</Filter>
    </ClCompile>
    <ClCompile Include="src\IRender.cpp">
      <Filter>Source Files</Filter>
    </ClCompile>
    <ClCompile Include="src\Input\IKey.cpp">
      <Filter>Source Files\Input</Filter>
    </ClCompile>
    <ClCompile Include="src\Input\KeySDL.cpp">
      <Filter>Source Files\Input</Filter>
    </ClCompile>
    <ClCompile Include="src\SimpleUtils.cpp">
      <Filter>Source Files</Filter>
    </ClCompile>
    <ClCompile Include="src\Input\MouseData.cpp">
      <Filter>Source Files\Input</Filter>
    </ClCompile>
  </ItemGroup>
  <ItemGroup>
    <None Include="..\.git\config" />
    <None Include="Makefile" />
  </ItemGroup>
</Project>